
Microsoft Visual Studio Solution File, Format Version 12.00
# Visual Studio 14
VisualStudioVersion = 14.0.25420.1
MinimumVisualStudioVersion = 10.0.40219.1
Project("{FAE04EC0-301F-11D3-BF4B-00C04F79EFBC}") = "ProductA", "ProductA\ProductA.csproj", "{44CB4EDB-FF0F-47BE-8B70-F0C29396219D}"
EndProject
Project("{FAE04EC0-301F-11D3-BF4B-00C04F79EFBC}") = "ProductB", "ProductB\ProductB.csproj", "{C00F986C-B177-4A8E-AA10-70A570DA4C8A}"
EndProject
Global
	GlobalSection(SolutionConfigurationPlatforms) = preSolution
		Debug|Any CPU = Debug|Any CPU
		Release|Any CPU = Release|Any CPU
	EndGlobalSection
	GlobalSection(ProjectConfigurationPlatforms) = postSolution
		{44CB4EDB-FF0F-47BE-8B70-F0C29396219D}.Debug|Any CPU.ActiveCfg = Debug|Any CPU
		{44CB4EDB-FF0F-47BE-8B70-F0C29396219D}.Debug|Any CPU.Build.0 = Debug|Any CPU
		{44CB4EDB-FF0F-47BE-8B70-F0C29396219D}.Release|Any CPU.ActiveCfg = Release|Any CPU
		{44CB4EDB-FF0F-47BE-8B70-F0C29396219D}.Release|Any CPU.Build.0 = Release|Any CPU
		{C00F986C-B177-4A8E-AA10-70A570DA4C8A}.Debug|Any CPU.ActiveCfg = Debug|Any CPU
		{C00F986C-B177-4A8E-AA10-70A570DA4C8A}.Debug|Any CPU.Build.0 = Debug|Any CPU
		{C00F986C-B177-4A8E-AA10-70A570DA4C8A}.Release|Any CPU.ActiveCfg = Release|Any CPU
		{C00F986C-B177-4A8E-AA10-70A570DA4C8A}.Release|Any CPU.Build.0 = Release|Any CPU
	EndGlobalSection
	GlobalSection(SolutionProperties) = preSolution
		HideSolutionNode = FALSE
	EndGlobalSection
EndGlobal
